
Microsoft Visual Studio Solution File, Format Version 12.00
# Visual Studio Version 16
VisualStudioVersion = 16.0.30517.126
MinimumVisualStudioVersion = 10.0.40219.1
Project("{FAE04EC0-301F-11D3-BF4B-00C04F79EFBC}") = "GrpcClient", "GrpcClient\GrpcClient.csproj", "{EAF52454-4A9D-4F52-9670-920DBE825A76}"
EndProject
Project("{FAE04EC0-301F-11D3-BF4B-00C04F79EFBC}") = "GrpcService", "GrpcService\GrpcService.csproj", "{9163CC3F-FE4F-4F31-87E4-BAE5C9DD2234}"
EndProject
Project("{FAE04EC0-301F-11D3-BF4B-00C04F79EFBC}") = "GrpcServer", "GrpcServer\GrpcServer.csproj", "{DA5B0662-7EF9-4430-8B9D-2A13C25CBB41}"
EndProject
Global
	GlobalSection(SolutionConfigurationPlatforms) = preSolution
		Debug|Any CPU = Debug|Any CPU
		Release|Any CPU = Release|Any CPU
	EndGlobalSection
	GlobalSection(ProjectConfigurationPlatforms) = postSolution
		{EAF52454-4A9D-4F52-9670-920DBE825A76}.Debug|Any CPU.ActiveCfg = Debug|Any CPU
		{EAF52454-4A9D-4F52-9670-920DBE825A76}.Debug|Any CPU.Build.0 = Debug|Any CPU
		{EAF52454-4A9D-4F52-9670-920DBE825A76}.Release|Any CPU.ActiveCfg = Release|Any CPU
		{EAF52454-4A9D-4F52-9670-920DBE825A76}.Release|Any CPU.Build.0 = Release|Any CPU
		{9163CC3F-FE4F-4F31-87E4-BAE5C9DD2234}.Debug|Any CPU.ActiveCfg = Debug|Any CPU
		{9163CC3F-FE4F-4F31-87E4-BAE5C9DD2234}.Debug|Any CPU.Build.0 = Debug|Any CPU
		{9163CC3F-FE4F-4F31-87E4-BAE5C9DD2234}.Release|Any CPU.ActiveCfg = Release|Any CPU
		{9163CC3F-FE4F-4F31-87E4-BAE5C9DD2234}.Release|Any CPU.Build.0 = Release|Any CPU
		{DA5B0662-7EF9-4430-8B9D-2A13C25CBB41}.Debug|Any CPU.ActiveCfg = Debug|Any CPU
		{DA5B0662-7EF9-4430-8B9D-2A13C25CBB41}.Debug|Any CPU.Build.0 = Debug|Any CPU
		{DA5B0662-7EF9-4430-8B9D-2A13C25CBB41}.Release|Any CPU.ActiveCfg = Release|Any CPU
		{DA5B0662-7EF9-4430-8B9D-2A13C25CBB41}.Release|Any CPU.Build.0 = Release|Any CPU
	EndGlobalSection
	GlobalSection(SolutionProperties) = preSolution
		HideSolutionNode = FALSE
	EndGlobalSection
	GlobalSection(ExtensibilityGlobals) = postSolution
		SolutionGuid = {0146FCCE-7AAE-4BF3-B9DA-490CEE067A75}
	EndGlobalSection
EndGlobal
